
Microsoft Visual Studio Solution File, Format Version 9.00
# Visual Studio 2005
Project("{8BC9CEB8-8B4A-11D0-8D11-00A0C91BC942}") = "CentralDiff2D", "CentralDiff2D\CentralDiff2D.vcproj", "{C5CF381D-4225-492A-811F-05AB8ADFD92E}"
EndProject
Global
	GlobalSection(SolutionConfigurationPlatforms) = preSolution
		Debug|Win32 = Debug|Win32
		Release|Win32 = Release|Win32
	EndGlobalSection
	GlobalSection(ProjectConfigurationPlatforms) = postSolution
		{C5CF381D-4225-492A-811F-05AB8ADFD92E}.Debug|Win32.ActiveCfg = Debug|Win32
		{C5CF381D-4225-492A-811F-05AB8ADFD92E}.Debug|Win32.Build.0 = Debug|Win32
		{C5CF381D-4225-492A-811F-05AB8ADFD92E}.Release|Win32.ActiveCfg = Release|Win32
		{C5CF381D-4225-492A-811F-05AB8ADFD92E}.Release|Win32.Build.0 = Release|Win32
	EndGlobalSection
	GlobalSection(SolutionProperties) = preSolution
		HideSolutionNode = FALSE
	EndGlobalSection
EndGlobal
