
Microsoft Visual Studio Solution File, Format Version 9.00
# Visual Studio 2005
Project("{8BC9CEB8-8B4A-11D0-8D11-00A0C91BC942}") = "sor", "sor\sor.vcproj", "{493B3695-FF6C-44C4-ACA4-7A9D94675772}"
EndProject
Global
	GlobalSection(SolutionConfigurationPlatforms) = preSolution
		Debug|Win32 = Debug|Win32
		Release|Win32 = Release|Win32
	EndGlobalSection
	GlobalSection(ProjectConfigurationPlatforms) = postSolution
		{493B3695-FF6C-44C4-ACA4-7A9D94675772}.Debug|Win32.ActiveCfg = Debug|Win32
		{493B3695-FF6C-44C4-ACA4-7A9D94675772}.Debug|Win32.Build.0 = Debug|Win32
		{493B3695-FF6C-44C4-ACA4-7A9D94675772}.Release|Win32.ActiveCfg = Release|Win32
		{493B3695-FF6C-44C4-ACA4-7A9D94675772}.Release|Win32.Build.0 = Release|Win32
	EndGlobalSection
	GlobalSection(SolutionProperties) = preSolution
		HideSolutionNode = FALSE
	EndGlobalSection
EndGlobal
